
Microsoft Visual Studio Solution File, Format Version 12.00
Project("{FAE04EC0-301F-11D3-BF4B-00C04F79EFBC}") = "CycleFor", "src\CycleFor\CycleFor.csproj", "{773F1486-1C7B-4EB7-A5B7-3350D9EBB0B6}"
EndProject
Project("{2150E333-8FDC-42A3-9474-1A3956D46DE8}") = "src", "src", "{825425C5-B6F5-4FF0-8D03-CEE864A8CA3E}"
EndProject
Project("{2150E333-8FDC-42A3-9474-1A3956D46DE8}") = "test", "test", "{B7250DF0-4422-40B4-AC8F-F9983D4FF6A0}"
EndProject
Project("{FAE04EC0-301F-11D3-BF4B-00C04F79EFBC}") = "CycleFor.Tests", "test\CycleFor.Tests\CycleFor.Tests.csproj", "{F2962EAE-CFEC-4EF6-8BE7-49A591686BE3}"
EndProject
Project("{FAE04EC0-301F-11D3-BF4B-00C04F79EFBC}") = "CycleDoWhile", "src\CycleDoWhile\CycleDoWhile.csproj", "{D3A0C024-3E36-4C2F-98E6-7989A6A472B9}"
EndProject
Global
	GlobalSection(SolutionConfigurationPlatforms) = preSolution
		Debug|Any CPU = Debug|Any CPU
		Release|Any CPU = Release|Any CPU
	EndGlobalSection
	GlobalSection(ProjectConfigurationPlatforms) = postSolution
		{773F1486-1C7B-4EB7-A5B7-3350D9EBB0B6}.Debug|Any CPU.ActiveCfg = Debug|Any CPU
		{773F1486-1C7B-4EB7-A5B7-3350D9EBB0B6}.Debug|Any CPU.Build.0 = Debug|Any CPU
		{773F1486-1C7B-4EB7-A5B7-3350D9EBB0B6}.Release|Any CPU.ActiveCfg = Release|Any CPU
		{773F1486-1C7B-4EB7-A5B7-3350D9EBB0B6}.Release|Any CPU.Build.0 = Release|Any CPU
		{F2962EAE-CFEC-4EF6-8BE7-49A591686BE3}.Debug|Any CPU.ActiveCfg = Debug|Any CPU
		{F2962EAE-CFEC-4EF6-8BE7-49A591686BE3}.Debug|Any CPU.Build.0 = Debug|Any CPU
		{F2962EAE-CFEC-4EF6-8BE7-49A591686BE3}.Release|Any CPU.ActiveCfg = Release|Any CPU
		{F2962EAE-CFEC-4EF6-8BE7-49A591686BE3}.Release|Any CPU.Build.0 = Release|Any CPU
		{D3A0C024-3E36-4C2F-98E6-7989A6A472B9}.Debug|Any CPU.ActiveCfg = Debug|Any CPU
		{D3A0C024-3E36-4C2F-98E6-7989A6A472B9}.Debug|Any CPU.Build.0 = Debug|Any CPU
		{D3A0C024-3E36-4C2F-98E6-7989A6A472B9}.Release|Any CPU.ActiveCfg = Release|Any CPU
		{D3A0C024-3E36-4C2F-98E6-7989A6A472B9}.Release|Any CPU.Build.0 = Release|Any CPU
	EndGlobalSection
	GlobalSection(NestedProjects) = preSolution
		{773F1486-1C7B-4EB7-A5B7-3350D9EBB0B6} = {825425C5-B6F5-4FF0-8D03-CEE864A8CA3E}
		{F2962EAE-CFEC-4EF6-8BE7-49A591686BE3} = {B7250DF0-4422-40B4-AC8F-F9983D4FF6A0}
		{D3A0C024-3E36-4C2F-98E6-7989A6A472B9} = {825425C5-B6F5-4FF0-8D03-CEE864A8CA3E}
	EndGlobalSection
EndGlobal
